
Microsoft Visual Studio Solution File, Format Version 12.00
# Visual Studio Version 17
VisualStudioVersion = 17.6.33723.286
MinimumVisualStudioVersion = 10.0.40219.1
Project("{FAE04EC0-301F-11D3-BF4B-00C04F79EFBC}") = "CAB301-Assessment 2", "CAB301-Assessment 2\CAB301-Assessment 2.csproj", "{8F638D91-0C4E-4699-BDE3-17DF5FED9937}"
EndProject
Global
	GlobalSection(SolutionConfigurationPlatforms) = preSolution
		Debug|Any CPU = Debug|Any CPU
		Release|Any CPU = Release|Any CPU
	EndGlobalSection
	GlobalSection(ProjectConfigurationPlatforms) = postSolution
		{8F638D91-0C4E-4699-BDE3-17DF5FED9937}.Debug|Any CPU.ActiveCfg = Debug|Any CPU
		{8F638D91-0C4E-4699-BDE3-17DF5FED9937}.Debug|Any CPU.Build.0 = Debug|Any CPU
		{8F638D91-0C4E-4699-BDE3-17DF5FED9937}.Release|Any CPU.ActiveCfg = Release|Any CPU
		{8F638D91-0C4E-4699-BDE3-17DF5FED9937}.Release|Any CPU.Build.0 = Release|Any CPU
	EndGlobalSection
	GlobalSection(SolutionProperties) = preSolution
		HideSolutionNode = FALSE
	EndGlobalSection
	GlobalSection(ExtensibilityGlobals) = postSolution
		SolutionGuid = {AEDB9A4B-084F-47E0-A5A2-24C5C85C7EEE}
	EndGlobalSection
EndGlobal
